
Microsoft Visual Studio Solution File, Format Version 12.00
Project("{2150E333-8FDC-42A3-9474-1A3956D46DE8}") = "Services", "Services", "{FD6A477B-FB1B-459C-AFF9-504C55D97767}"
EndProject
Project("{2150E333-8FDC-42A3-9474-1A3956D46DE8}") = "Catalog", "Catalog", "{A9DE181D-FFFF-4750-AF23-827954972395}"
EndProject
Project("{FAE04EC0-301F-11D3-BF4B-00C04F79EFBC}") = "Catalog.Api", "Services\Catalog\Catalog.Api\Catalog.Api.csproj", "{EC18F3C0-7085-4B5B-A3DF-8A1A92C6E112}"
EndProject
Project("{FAE04EC0-301F-11D3-BF4B-00C04F79EFBC}") = "docker-compose", "docker-compose.dcproj", "{9A733F6B-AAF2-4C34-9FE2-400339E7EA5E}"
EndProject
Project("{2150E333-8FDC-42A3-9474-1A3956D46DE8}") = "Basket", "Basket", "{9FBB0733-45F8-417E-9153-3B0760540E34}"
EndProject
Project("{FAE04EC0-301F-11D3-BF4B-00C04F79EFBC}") = "Basket.API", "Services\Basket\Basket.API\Basket.API.csproj", "{BF1A10CB-991E-4E3A-A68D-76DEB2A4AE76}"
EndProject
Project("{2150E333-8FDC-42A3-9474-1A3956D46DE8}") = "Discount", "Discount", "{0E702CFA-6FBB-4EC1-95E4-8D235620D3BA}"
EndProject
Project("{FAE04EC0-301F-11D3-BF4B-00C04F79EFBC}") = "Discount.API", "Services\Discount\Discount.API\Discount.API.csproj", "{710D14DD-6411-4DF2-A7C9-A8A8D295C327}"
EndProject
Project("{FAE04EC0-301F-11D3-BF4B-00C04F79EFBC}") = "Discount.Grpc", "Services\Discount\Discount.Grpc\Discount.Grpc.csproj", "{DFE8E6BB-86D4-460B-A1ED-290A7F0DE66B}"
EndProject
Global
	GlobalSection(SolutionConfigurationPlatforms) = preSolution
		Debug|Any CPU = Debug|Any CPU
		Release|Any CPU = Release|Any CPU
	EndGlobalSection
	GlobalSection(NestedProjects) = preSolution
		{A9DE181D-FFFF-4750-AF23-827954972395} = {FD6A477B-FB1B-459C-AFF9-504C55D97767}
		{EC18F3C0-7085-4B5B-A3DF-8A1A92C6E112} = {A9DE181D-FFFF-4750-AF23-827954972395}
		{9FBB0733-45F8-417E-9153-3B0760540E34} = {FD6A477B-FB1B-459C-AFF9-504C55D97767}
		{BF1A10CB-991E-4E3A-A68D-76DEB2A4AE76} = {9FBB0733-45F8-417E-9153-3B0760540E34}
		{0E702CFA-6FBB-4EC1-95E4-8D235620D3BA} = {FD6A477B-FB1B-459C-AFF9-504C55D97767}
		{710D14DD-6411-4DF2-A7C9-A8A8D295C327} = {0E702CFA-6FBB-4EC1-95E4-8D235620D3BA}
		{DFE8E6BB-86D4-460B-A1ED-290A7F0DE66B} = {0E702CFA-6FBB-4EC1-95E4-8D235620D3BA}
	EndGlobalSection
	GlobalSection(ProjectConfigurationPlatforms) = postSolution
		{EC18F3C0-7085-4B5B-A3DF-8A1A92C6E112}.Debug|Any CPU.ActiveCfg = Debug|Any CPU
		{EC18F3C0-7085-4B5B-A3DF-8A1A92C6E112}.Debug|Any CPU.Build.0 = Debug|Any CPU
		{EC18F3C0-7085-4B5B-A3DF-8A1A92C6E112}.Release|Any CPU.ActiveCfg = Release|Any CPU
		{EC18F3C0-7085-4B5B-A3DF-8A1A92C6E112}.Release|Any CPU.Build.0 = Release|Any CPU
		{9A733F6B-AAF2-4C34-9FE2-400339E7EA5E}.Debug|Any CPU.ActiveCfg = Debug|Any CPU
		{9A733F6B-AAF2-4C34-9FE2-400339E7EA5E}.Debug|Any CPU.Build.0 = Debug|Any CPU
		{9A733F6B-AAF2-4C34-9FE2-400339E7EA5E}.Release|Any CPU.ActiveCfg = Debug|Any CPU
		{9A733F6B-AAF2-4C34-9FE2-400339E7EA5E}.Release|Any CPU.Build.0 = Debug|Any CPU
		{BF1A10CB-991E-4E3A-A68D-76DEB2A4AE76}.Debug|Any CPU.ActiveCfg = Debug|Any CPU
		{BF1A10CB-991E-4E3A-A68D-76DEB2A4AE76}.Debug|Any CPU.Build.0 = Debug|Any CPU
		{BF1A10CB-991E-4E3A-A68D-76DEB2A4AE76}.Release|Any CPU.ActiveCfg = Release|Any CPU
		{BF1A10CB-991E-4E3A-A68D-76DEB2A4AE76}.Release|Any CPU.Build.0 = Release|Any CPU
		{710D14DD-6411-4DF2-A7C9-A8A8D295C327}.Debug|Any CPU.ActiveCfg = Debug|Any CPU
		{710D14DD-6411-4DF2-A7C9-A8A8D295C327}.Debug|Any CPU.Build.0 = Debug|Any CPU
		{710D14DD-6411-4DF2-A7C9-A8A8D295C327}.Release|Any CPU.ActiveCfg = Release|Any CPU
		{710D14DD-6411-4DF2-A7C9-A8A8D295C327}.Release|Any CPU.Build.0 = Release|Any CPU
		{DFE8E6BB-86D4-460B-A1ED-290A7F0DE66B}.Debug|Any CPU.ActiveCfg = Debug|Any CPU
		{DFE8E6BB-86D4-460B-A1ED-290A7F0DE66B}.Debug|Any CPU.Build.0 = Debug|Any CPU
		{DFE8E6BB-86D4-460B-A1ED-290A7F0DE66B}.Release|Any CPU.ActiveCfg = Release|Any CPU
		{DFE8E6BB-86D4-460B-A1ED-290A7F0DE66B}.Release|Any CPU.Build.0 = Release|Any CPU
	EndGlobalSection
EndGlobal
